
Microsoft Visual Studio Solution File, Format Version 12.00
# Visual Studio Version 16
VisualStudioVersion = 16.0.30804.86
MinimumVisualStudioVersion = 10.0.40219.1
Project("{FAE04EC0-301F-11D3-BF4B-00C04F79EFBC}") = "Key Generator", "Key Generator.csproj", "{A9976B98-7791-477A-BB7A-CCF8F248FF95}"
EndProject
Global
	GlobalSection(SolutionConfigurationPlatforms) = preSolution
		Debug|Any CPU = Debug|Any CPU
		Release|Any CPU = Release|Any CPU
	EndGlobalSection
	GlobalSection(ProjectConfigurationPlatforms) = postSolution
		{A9976B98-7791-477A-BB7A-CCF8F248FF95}.Debug|Any CPU.ActiveCfg = Debug|Any CPU
		{A9976B98-7791-477A-BB7A-CCF8F248FF95}.Debug|Any CPU.Build.0 = Debug|Any CPU
		{A9976B98-7791-477A-BB7A-CCF8F248FF95}.Release|Any CPU.ActiveCfg = Release|Any CPU
		{A9976B98-7791-477A-BB7A-CCF8F248FF95}.Release|Any CPU.Build.0 = Release|Any CPU
	EndGlobalSection
	GlobalSection(SolutionProperties) = preSolution
		HideSolutionNode = FALSE
	EndGlobalSection
	GlobalSection(ExtensibilityGlobals) = postSolution
		SolutionGuid = {8F460041-3747-4988-8694-5FE6C5712B60}
	EndGlobalSection
EndGlobal
